// !$*UTF8*$!
{
	archiveVersion = 1;
	classes = {
	};
	objectVersion = 50;
	objects = {

/* Begin PBXBuildFile section */
		84F98EE9247689260088BA52 /* AppDelegate.swift in Sources */ = {isa = PBXBuildFile; fileRef = 84F98EE8247689260088BA52 /* AppDelegate.swift */; };
		84F98EEB247689260088BA52 /* SceneDelegate.swift in Sources */ = {isa = PBXBuildFile; fileRef = 84F98EEA247689260088BA52 /* SceneDelegate.swift */; };
		84F98EED247689260088BA52 /* ViewController.swift in Sources */ = {isa = PBXBuildFile; fileRef = 84F98EEC247689260088BA52 /* ViewController.swift */; };
		84F98EF0247689260088BA52 /* Main.storyboard in Resources */ = {isa = PBXBuildFile; fileRef = 84F98EEE247689260088BA52 /* Main.storyboard */; };
		84F98EF2247689340088BA52 /* Assets.xcassets in Resources */ = {isa = PBXBuildFile; fileRef = 84F98EF1247689340088BA52 /* Assets.xcassets */; };
		84F98EF5247689340088BA52 /* LaunchScreen.storyboard in Resources */ = {isa = PBXBuildFile; fileRef = 84F98EF3247689340088BA52 /* LaunchScreen.storyboard */; };
		84F98F00247689340088BA52 /* Weather_AppTests.swift in Sources */ = {isa = PBXBuildFile; fileRef = 84F98EFF247689340088BA52 /* Weather_AppTests.swift */; };
		84F98F0B247689350088BA52 /* Weather_AppUITests.swift in Sources */ = {isa = PBXBuildFile; fileRef = 84F98F0A247689350088BA52 /* Weather_AppUITests.swift */; };
/* End PBXBuildFile section */

/* Begin PBXContainerItemProxy section */
		84F98EFC247689340088BA52 /* PBXContainerItemProxy */ = {
			isa = PBXContainerItemProxy;
			containerPortal = 84F98EDD247689250088BA52 /* Project object */;
			proxyType = 1;
			remoteGlobalIDString = 84F98EE4247689260088BA52;
			remoteInfo = "Weather App";
		};
		84F98F07247689350088BA52 /* PBXContainerItemProxy */ = {
			isa = PBXContainerItemProxy;
			containerPortal = 84F98EDD247689250088BA52 /* Project object */;
			proxyType = 1;
			remoteGlobalIDString = 84F98EE4247689260088BA52;
			remoteInfo = "Weather App";
		};
/* End PBXContainerItemProxy section */

/* Begin PBXFileReference section */
		84F98EE5247689260088BA52 /* Weather App.app */ = {isa = PBXFileReference; explicitFileType = wrapper.application; includeInIndex = 0; path = "Weather App.app"; sourceTree = BUILT_PRODUCTS_DIR; };
		84F98EE8247689260088BA52 /* AppDelegate.swift */ = {isa = PBXFileReference; lastKnownFileType = sourcecode.swift; path = AppDelegate.swift; sourceTree = "<group>"; };
		84F98EEA247689260088BA52 /* SceneDelegate.swift */ = {isa = PBXFileReference; lastKnownFileType = sourcecode.swift; path = SceneDelegate.swift; sourceTree = "<group>"; };
		84F98EEC247689260088BA52 /* ViewController.swift */ = {isa = PBXFileReference; lastKnownFileType = sourcecode.swift; path = ViewController.swift; sourceTree = "<group>"; };
		84F98EEF247689260088BA52 /* Base */ = {isa = PBXFileReference; lastKnownFileType = file.storyboard; name = Base; path = Base.lproj/Main.storyboard; sourceTree = "<group>"; };
		84F98EF1247689340088BA52 /* Assets.xcassets */ = {isa = PBXFileReference; lastKnownFileType = folder.assetcatalog; path = Assets.xcassets; sourceTree = "<group>"; };
		84F98EF4247689340088BA52 /* Base */ = {isa = PBXFileReference; lastKnownFileType = file.storyboard; name = Base; path = Base.lproj/LaunchScreen.storyboard; sourceTree = "<group>"; };
		84F98EF6247689340088BA52 /* Info.plist */ = {isa = PBXFileReference; lastKnownFileType = text.plist.xml; path = Info.plist; sourceTree = "<group>"; };
		84F98EFB247689340088BA52 /* Weather AppTests.xctest */ = {isa = PBXFileReference; explicitFileType = wrapper.cfbundle; includeInIndex = 0; path = "Weather AppTests.xctest"; sourceTree = BUILT_PRODUCTS_DIR; };
		84F98EFF247689340088BA52 /* Weather_AppTests.swift */ = {isa = PBXFileReference; lastKnownFileType = sourcecode.swift; path = Weather_AppTests.swift; sourceTree = "<group>"; };
		84F98F01247689340088BA52 /* Info.plist */ = {isa = PBXFileReference; lastKnownFileType = text.plist.xml; path = Info.plist; sourceTree = "<group>"; };
		84F98F06247689350088BA52 /* Weather AppUITests.xctest */ = {isa = PBXFileReference; explicitFileType = wrapper.cfbundle; includeInIndex = 0; path = "Weather AppUITests.xctest"; sourceTree = BUILT_PRODUCTS_DIR; };
		84F98F0A247689350088BA52 /* Weather_AppUITests.swift */ = {isa = PBXFileReference; lastKnownFileType = sourcecode.swift; path = Weather_AppUITests.swift; sourceTree = "<group>"; };
		84F98F0C247689350088BA52 /* Info.plist */ = {isa = PBXFileReference; lastKnownFileType = text.plist.xml; path = Info.plist; sourceTree = "<group>"; };
/* End PBXFileReference section */

/* Begin PBXFrameworksBuildPhase section */
		84F98EE2247689260088BA52 /* Frameworks */ = {
			isa = PBXFrameworksBuildPhase;
			buildActionMask = 2147483647;
			files = (
			);
			runOnlyForDeploymentPostprocessing = 0;
		};
		84F98EF8247689340088BA52 /* Frameworks */ = {
			isa = PBXFrameworksBuildPhase;
			buildActionMask = 2147483647;
			files = (
			);
			runOnlyForDeploymentPostprocessing = 0;
		};
		84F98F03247689350088BA52 /* Frameworks */ = {
			isa = PBXFrameworksBuildPhase;
			buildActionMask = 2147483647;
			files = (
			);
			runOnlyForDeploymentPostprocessing = 0;
		};
/* End PBXFrameworksBuildPhase section */

/* Begin PBXGroup section */
		84F98EDC247689250088BA52 = {
			isa = PBXGroup;
			children = (
				84F98EE7247689260088BA52 /* Weather App */,
				84F98EFE247689340088BA52 /* Weather AppTests */,
				84F98F09247689350088BA52 /* Weather AppUITests */,
				84F98EE6247689260088BA52 /* Products */,
			);
			sourceTree = "<group>";
		};
		84F98EE6247689260088BA52 /* Products */ = {
			isa = PBXGroup;
			children = (
				84F98EE5247689260088BA52 /* Weather App.app */,
				84F98EFB247689340088BA52 /* Weather AppTests.xctest */,
				84F98F06247689350088BA52 /* Weather AppUITests.xctest */,
			);
			name = Products;
			sourceTree = "<group>";
		};
		84F98EE7247689260088BA52 /* Weather App */ = {
			isa = PBXGroup;
			children = (
				84F98EE8247689260088BA52 /* AppDelegate.swift */,
				84F98EEA247689260088BA52 /* SceneDelegate.swift */,
				84F98EEC247689260088BA52 /* ViewController.swift */,
				84F98EEE247689260088BA52 /* Main.storyboard */,
				84F98EF1247689340088BA52 /* Assets.xcassets */,
				84F98EF3247689340088BA52 /* LaunchScreen.storyboard */,
				84F98EF6247689340088BA52 /* Info.plist */,
			);
			path = "Weather App";
			sourceTree = "<group>";
		};
		84F98EFE247689340088BA52 /* Weather AppTests */ = {
			isa = PBXGroup;
			children = (
				84F98EFF247689340088BA52 /* Weather_AppTests.swift */,
				84F98F01247689340088BA52 /* Info.plist */,
			);
			path = "Weather AppTests";
			sourceTree = "<group>";
		};
		84F98F09247689350088BA52 /* Weather AppUITests */ = {
			isa = PBXGroup;
			children = (
				84F98F0A247689350088BA52 /* Weather_AppUITests.swift */,
				84F98F0C247689350088BA52 /* Info.plist */,
			);
			path = "Weather AppUITests";
			sourceTree = "<group>";
		};
/* End PBXGroup section */

/* Begin PBXNativeTarget section */
		84F98EE4247689260088BA52 /* Weather App */ = {
			isa = PBXNativeTarget;
			buildConfigurationList = 84F98F0F247689350088BA52 /* Build configuration list for PBXNativeTarget "Weather App" */;
			buildPhases = (
				84F98EE1247689260088BA52 /* Sources */,
				84F98EE2247689260088BA52 /* Frameworks */,
				84F98EE3247689260088BA52 /* Resources */,
			);
			buildRules = (
			);
			dependencies = (
			);
			name = "Weather App";
			productName = "Weather App";
			productReference = 84F98EE5247689260088BA52 /* Weather App.app */;
			productType = "com.apple.product-type.application";
		};
		84F98EFA247689340088BA52 /* Weather AppTests */ = {
			isa = PBXNativeTarget;
			buildConfigurationList = 84F98F12247689350088BA52 /* Build configuration list for PBXNativeTarget "Weather AppTests" */;
			buildPhases = (
				84F98EF7247689340088BA52 /* Sources */,
				84F98EF8247689340088BA52 /* Frameworks */,
				84F98EF9247689340088BA52 /* Resources */,
			);
			buildRules = (
			);
			dependencies = (
				84F98EFD247689340088BA52 /* PBXTargetDependency */,
			);
			name = "Weather AppTests";
			productName = "Weather AppTests";
			productReference = 84F98EFB247689340088BA52 /* Weather AppTests.xctest */;
			productType = "com.apple.product-type.bundle.unit-test";
		};
		84F98F05247689350088BA52 /* Weather AppUITests */ = {
			isa = PBXNativeTarget;
			buildConfigurationList = 84F98F15247689350088BA52 /* Build configuration list for PBXNativeTarget "Weather AppUITests" */;
			buildPhases = (
				84F98F02247689350088BA52 /* Sources */,
				84F98F03247689350088BA52 /* Frameworks */,
				84F98F04247689350088BA52 /* Resources */,
			);
			buildRules = (
			);
			dependencies = (
				84F98F08247689350088BA52 /* PBXTargetDependency */,
			);
			name = "Weather AppUITests";
			productName = "Weather AppUITests";
			productReference = 84F98F06247689350088BA52 /* Weather AppUITests.xctest */;
			productType = "com.apple.product-type.bundle.ui-testing";
		};
/* End PBXNativeTarget section */

/* Begin PBXProject section */
		84F98EDD247689250088BA52 /* Project object */ = {
			isa = PBXProject;
			attributes = {
				LastSwiftUpdateCheck = 1130;
				LastUpgradeCheck = 1130;
				ORGANIZATIONNAME = "Admin\U0010\U0010";
				TargetAttributes = {
					84F98EE4247689260088BA52 = {
						CreatedOnToolsVersion = 11.3;
					};
					84F98EFA247689340088BA52 = {
						CreatedOnToolsVersion = 11.3;
						TestTargetID = 84F98EE4247689260088BA52;
					};
					84F98F05247689350088BA52 = {
						CreatedOnToolsVersion = 11.3;
						TestTargetID = 84F98EE4247689260088BA52;
					};
				};
			};
			buildConfigurationList = 84F98EE0247689250088BA52 /* Build configuration list for PBXProject "Weather App" */;
			compatibilityVersion = "Xcode 9.3";
			developmentRegion = en;
			hasScannedForEncodings = 0;
			knownRegions = (
				en,
				Base,
			);
			mainGroup = 84F98EDC247689250088BA52;
			productRefGroup = 84F98EE6247689260088BA52 /* Products */;
			projectDirPath = "";
			projectRoot = "";
			targets = (
				84F98EE4247689260088BA52 /* Weather App */,
				84F98EFA247689340088BA52 /* Weather AppTests */,
				84F98F05247689350088BA52 /* Weather AppUITests */,
			);
		};
/* End PBXProject section */

/* Begin PBXResourcesBuildPhase section */
		84F98EE3247689260088BA52 /* Resources */ = {
			isa = PBXResourcesBuildPhase;
			buildActionMask = 2147483647;
			files = (
				84F98EF5247689340088BA52 /* LaunchScreen.storyboard in Resources */,
				84F98EF2247689340088BA52 /* Assets.xcassets in Resources */,
				84F98EF0247689260088BA52 /* Main.storyboard in Resources */,
			);
			runOnlyForDeploymentPostprocessing = 0;
		};
		84F98EF9247689340088BA52 /* Resources */ = {
			isa = PBXResourcesBuildPhase;
			buildActionMask = 2147483647;
			files = (
			);
			runOnlyForDeploymentPostprocessing = 0;
		};
		84F98F04247689350088BA52 /* Resources */ = {
			isa = PBXResourcesBuildPhase;
			buildActionMask = 2147483647;
			files = (
			);
			runOnlyForDeploymentPostprocessing = 0;
		};
/* End PBXResourcesBuildPhase section */

/* Begin PBXSourcesBuildPhase section */
		84F98EE1247689260088BA52 /* Sources */ = {
			isa = PBXSourcesBuildPhase;
			buildActionMask = 2147483647;
			files = (
				84F98EED247689260088BA52 /* ViewController.swift in Sources */,
				84F98EE9247689260088BA52 /* AppDelegate.swift in Sources */,
				84F98EEB247689260088BA52 /* SceneDelegate.swift in Sources */,
			);
			runOnlyForDeploymentPostprocessing = 0;
		};
		84F98EF7247689340088BA52 /* Sources */ = {
			isa = PBXSourcesBuildPhase;
			buildActionMask = 2147483647;
			files = (
				84F98F00247689340088BA52 /* Weather_AppTests.swift in Sources */,
			);
			runOnlyForDeploymentPostprocessing = 0;
		};
		84F98F02247689350088BA52 /* Sources */ = {
			isa = PBXSourcesBuildPhase;
			buildActionMask = 2147483647;
			files = (
				84F98F0B247689350088BA52 /* Weather_AppUITests.swift in Sources */,
			);
			runOnlyForDeploymentPostprocessing = 0;
		};
/* End PBXSourcesBuildPhase section */

/* Begin PBXTargetDependency section */
		84F98EFD247689340088BA52 /* PBXTargetDependency */ = {
			isa = PBXTargetDependency;
			target = 84F98EE4247689260088BA52 /* Weather App */;
			targetProxy = 84F98EFC247689340088BA52 /* PBXContainerItemProxy */;
		};
		84F98F08247689350088BA52 /* PBXTargetDependency */ = {
			isa = PBXTargetDependency;
			target = 84F98EE4247689260088BA52 /* Weather App */;
			targetProxy = 84F98F07247689350088BA52 /* PBXContainerItemProxy */;
		};
/* End PBXTargetDependency section */

/* Begin PBXVariantGroup section */
		84F98EEE247689260088BA52 /* Main.storyboard */ = {
			isa = PBXVariantGroup;
			children = (
				84F98EEF247689260088BA52 /* Base */,
			);
			name = Main.storyboard;
			sourceTree = "<group>";
		};
		84F98EF3247689340088BA52 /* LaunchScreen.storyboard */ = {
			isa = PBXVariantGroup;
			children = (
				84F98EF4247689340088BA52 /* Base */,
			);
			name = LaunchScreen.storyboard;
			sourceTree = "<group>";
		};
/* End PBXVariantGroup section */

/* Begin XCBuildConfiguration section */
		84F98F0D247689350088BA52 /* Debug */ = {
			isa = XCBuildConfiguration;
			buildSettings = {
				ALWAYS_SEARCH_USER_PATHS = NO;
				CLANG_ANALYZER_NONNULL = YES;
				CLANG_ANALYZER_NUMBER_OBJECT_CONVERSION = YES_AGGRESSIVE;
				CLANG_CXX_LANGUAGE_STANDARD = "gnu++14";
				CLANG_CXX_LIBRARY = "libc++";
				CLANG_ENABLE_MODULES = YES;
				CLANG_ENABLE_OBJC_ARC = YES;
				CLANG_ENABLE_OBJC_WEAK = YES;
				CLANG_WARN_BLOCK_CAPTURE_AUTORELEASING = YES;
				CLANG_WARN_BOOL_CONVERSION = YES;
				CLANG_WARN_COMMA = YES;
				CLANG_WARN_CONSTANT_CONVERSION = YES;
				CLANG_WARN_DEPRECATED_OBJC_IMPLEMENTATIONS = YES;
				CLANG_WARN_DIRECT_OBJC_ISA_USAGE = YES_ERROR;
				CLANG_WARN_DOCUMENTATION_COMMENTS = YES;
				CLANG_WARN_EMPTY_BODY = YES;
				CLANG_WARN_ENUM_CONVERSION = YES;
				CLANG_WARN_INFINITE_RECURSION = YES;
				CLANG_WARN_INT_CONVERSION = YES;
				CLANG_WARN_NON_LITERAL_NULL_CONVERSION = YES;
				CLANG_WARN_OBJC_IMPLICIT_RETAIN_SELF = YES;
				CLANG_WARN_OBJC_LITERAL_CONVERSION = YES;
				CLANG_WARN_OBJC_ROOT_CLASS = YES_ERROR;
				CLANG_WARN_RANGE_LOOP_ANALYSIS = YES;
				CLANG_WARN_STRICT_PROTOTYPES = YES;
				CLANG_WARN_SUSPICIOUS_MOVE = YES;
				CLANG_WARN_UNGUARDED_AVAILABILITY = YES_AGGRESSIVE;
				CLANG_WARN_UNREACHABLE_CODE = YES;
				CLANG_WARN__DUPLICATE_METHOD_MATCH = YES;
				COPY_PHASE_STRIP = NO;
				DEBUG_INFORMATION_FORMAT = dwarf;
				ENABLE_STRICT_OBJC_MSGSEND = YES;
				ENABLE_TESTABILITY = YES;
				GCC_C_LANGUAGE_STANDARD = gnu11;
				GCC_DYNAMIC_NO_PIC = NO;
				GCC_NO_COMMON_BLOCKS = YES;
				GCC_OPTIMIZATION_LEVEL = 0;
				GCC_PREPROCESSOR_DEFINITIONS = (
					"DEBUG=1",
					"$(inherited)",
				);
				GCC_WARN_64_TO_32_BIT_CONVERSION = YES;
				GCC_WARN_ABOUT_RETURN_TYPE = YES_ERROR;
				GCC_WARN_UNDECLARED_SELECTOR = YES;
				GCC_WARN_UNINITIALIZED_AUTOS = YES_AGGRESSIVE;
				GCC_WARN_UNUSED_FUNCTION = YES;
				GCC_WARN_UNUSED_VARIABLE = YES;
				IPHONEOS_DEPLOYMENT_TARGET = 13.2;
				MTL_ENABLE_DEBUG_INFO = INCLUDE_SOURCE;
				MTL_FAST_MATH = YES;
				ONLY_ACTIVE_ARCH = YES;
				SDKROOT = iphoneos;
				SWIFT_ACTIVE_COMPILATION_CONDITIONS = DEBUG;
				SWIFT_OPTIMIZATION_LEVEL = "-Onone";
			};
			name = Debug;
		};
		84F98F0E247689350088BA52 /* Release */ = {
			isa = XCBuildConfiguration;
			buildSettings = {
				ALWAYS_SEARCH_USER_PATHS = NO;
				CLANG_ANALYZER_NONNULL = YES;
				CLANG_ANALYZER_NUMBER_OBJECT_CONVERSION = YES_AGGRESSIVE;
				CLANG_CXX_LANGUAGE_STANDARD = "gnu++14";
				CLANG_CXX_LIBRARY = "libc++";
				CLANG_ENABLE_MODULES = YES;
				CLANG_ENABLE_OBJC_ARC = YES;
				CLANG_ENABLE_OBJC_WEAK = YES;
				CLANG_WARN_BLOCK_CAPTURE_AUTORELEASING = YES;
				CLANG_WARN_BOOL_CONVERSION = YES;
				CLANG_WARN_COMMA = YES;
				CLANG_WARN_CONSTANT_CONVERSION = YES;
				CLANG_WARN_DEPRECATED_OBJC_IMPLEMENTATIONS = YES;
				CLANG_WARN_DIRECT_OBJC_ISA_USAGE = YES_ERROR;
				CLANG_WARN_DOCUMENTATION_COMMENTS = YES;
				CLANG_WARN_EMPTY_BODY = YES;
				CLANG_WARN_ENUM_CONVERSION = YES;
				CLANG_WARN_INFINITE_RECURSION = YES;
				CLANG_WARN_INT_CONVERSION = YES;
				CLANG_WARN_NON_LITERAL_NULL_CONVERSION = YES;
				CLANG_WARN_OBJC_IMPLICIT_RETAIN_SELF = YES;
				CLANG_WARN_OBJC_LITERAL_CONVERSION = YES;
				CLANG_WARN_OBJC_ROOT_CLASS = YES_ERROR;
				CLANG_WARN_RANGE_LOOP_ANALYSIS = YES;
				CLANG_WARN_STRICT_PROTOTYPES = YES;
				CLANG_WARN_SUSPICIOUS_MOVE = YES;
				CLANG_WARN_UNGUARDED_AVAILABILITY = YES_AGGRESSIVE;
				CLANG_WARN_UNREACHABLE_CODE = YES;
				CLANG_WARN__DUPLICATE_METHOD_MATCH = YES;
				COPY_PHASE_STRIP = NO;
				DEBUG_INFORMATION_FORMAT = "dwarf-with-dsym";
				ENABLE_NS_ASSERTIONS = NO;
				ENABLE_STRICT_OBJC_MSGSEND = YES;
				GCC_C_LANGUAGE_STANDARD = gnu11;
				GCC_NO_COMMON_BLOCKS = YES;
				GCC_WARN_64_TO_32_BIT_CONVERSION = YES;
				GCC_WARN_ABOUT_RETURN_TYPE = YES_ERROR;
				GCC_WARN_UNDECLARED_SELECTOR = YES;
				GCC_WARN_UNINITIALIZED_AUTOS = YES_AGGRESSIVE;
				GCC_WARN_UNUSED_FUNCTION = YES;
				GCC_WARN_UNUSED_VARIABLE = YES;
				IPHONEOS_DEPLOYMENT_TARGET = 13.2;
				MTL_ENABLE_DEBUG_INFO = NO;
				MTL_FAST_MATH = YES;
				SDKROOT = iphoneos;
				SWIFT_COMPILATION_MODE = wholemodule;
				SWIFT_OPTIMIZATION_LEVEL = "-O";
				VALIDATE_PRODUCT = YES;
			};
			name = Release;
		};
		84F98F10247689350088BA52 /* Debug */ = {
			isa = XCBuildConfiguration;
			buildSettings = {
				ASSETCATALOG_COMPILER_APPICON_NAME = AppIcon;
				CODE_SIGN_STYLE = Automatic;
				DEVELOPMENT_TEAM = HWKB54QJ7K;
				INFOPLIST_FILE = "Weather App/Info.plist";
				LD_RUNPATH_SEARCH_PATHS = (
					"$(inherited)",
					"@executable_path/Frameworks",
				);
				PRODUCT_BUNDLE_IDENTIFIER = "com.kuricyna.Weather-App";
				PRODUCT_NAME = "$(TARGET_NAME)";
				SWIFT_VERSION = 5.0;
				TARGETED_DEVICE_FAMILY = "1,2";
			};
			name = Debug;
		};
		84F98F11247689350088BA52 /* Release */ = {
			isa = XCBuildConfiguration;
			buildSettings = {
				ASSETCATALOG_COMPILER_APPICON_NAME = AppIcon;
				CODE_SIGN_STYLE = Automatic;
				DEVELOPMENT_TEAM = HWKB54QJ7K;
				INFOPLIST_FILE = "Weather App/Info.plist";
				LD_RUNPATH_SEARCH_PATHS = (
					"$(inherited)",
					"@executable_path/Frameworks",
				);
				PRODUCT_BUNDLE_IDENTIFIER = "com.kuricyna.Weather-App";
				PRODUCT_NAME = "$(TARGET_NAME)";
				SWIFT_VERSION = 5.0;
				TARGETED_DEVICE_FAMILY = "1,2";
			};
			name = Release;
		};
		84F98F13247689350088BA52 /* Debug */ = {
			isa = XCBuildConfiguration;
			buildSettings = {
				ALWAYS_EMBED_SWIFT_STANDARD_LIBRARIES = YES;
				BUNDLE_LOADER = "$(TEST_HOST)";
				CODE_SIGN_STYLE = Automatic;
				DEVELOPMENT_TEAM = HWKB54QJ7K;
				INFOPLIST_FILE = "Weather AppTests/Info.plist";
				IPHONEOS_DEPLOYMENT_TARGET = 13.2;
				LD_RUNPATH_SEARCH_PATHS = (
					"$(inherited)",
					"@executable_path/Frameworks",
					"@loader_path/Frameworks",
				);
				PRODUCT_BUNDLE_IDENTIFIER = "com.kuricyna.Weather-AppTests";
				PRODUCT_NAME = "$(TARGET_NAME)";
				SWIFT_VERSION = 5.0;
				TARGETED_DEVICE_FAMILY = "1,2";
				TEST_HOST = "$(BUILT_PRODUCTS_DIR)/Weather App.app/Weather App";
			};
			name = Debug;
		};
		84F98F14247689350088BA52 /* Release */ = {
			isa = XCBuildConfiguration;
			buildSettings = {
				ALWAYS_EMBED_SWIFT_STANDARD_LIBRARIES = YES;
				BUNDLE_LOADER = "$(TEST_HOST)";
				CODE_SIGN_STYLE = Automatic;
				DEVELOPMENT_TEAM = HWKB54QJ7K;
				INFOPLIST_FILE = "Weather AppTests/Info.plist";
				IPHONEOS_DEPLOYMENT_TARGET = 13.2;
				LD_RUNPATH_SEARCH_PATHS = (
					"$(inherited)",
					"@executable_path/Frameworks",
					"@loader_path/Frameworks",
				);
				PRODUCT_BUNDLE_IDENTIFIER = "com.kuricyna.Weather-AppTests";
				PRODUCT_NAME = "$(TARGET_NAME)";
				SWIFT_VERSION = 5.0;
				TARGETED_DEVICE_FAMILY = "1,2";
				TEST_HOST = "$(BUILT_PRODUCTS_DIR)/Weather App.app/Weather App";
			};
			name = Release;
		};
		84F98F16247689350088BA52 /* Debug */ = {
			isa = XCBuildConfiguration;
			buildSettings = {
				ALWAYS_EMBED_SWIFT_STANDARD_LIBRARIES = YES;
				CODE_SIGN_STYLE = Automatic;
				DEVELOPMENT_TEAM = HWKB54QJ7K;
				INFOPLIST_FILE = "Weather AppUITests/Info.plist";
				LD_RUNPATH_SEARCH_PATHS = (
					"$(inherited)",
					"@executable_path/Frameworks",
					"@loader_path/Frameworks",
				);
				PRODUCT_BUNDLE_IDENTIFIER = "com.kuricyna.Weather-AppUITests";
				PRODUCT_NAME = "$(TARGET_NAME)";
				SWIFT_VERSION = 5.0;
				TARGETED_DEVICE_FAMILY = "1,2";
				TEST_TARGET_NAME = "Weather App";
			};
			name = Debug;
		};
		84F98F17247689350088BA52 /* Release */ = {
			isa = XCBuildConfiguration;
			buildSettings = {
				ALWAYS_EMBED_SWIFT_STANDARD_LIBRARIES = YES;
				CODE_SIGN_STYLE = Automatic;
				DEVELOPMENT_TEAM = HWKB54QJ7K;
				INFOPLIST_FILE = "Weather AppUITests/Info.plist";
				LD_RUNPATH_SEARCH_PATHS = (
					"$(inherited)",
					"@executable_path/Frameworks",
					"@loader_path/Frameworks",
				);
				PRODUCT_BUNDLE_IDENTIFIER = "com.kuricyna.Weather-AppUITests";
				PRODUCT_NAME = "$(TARGET_NAME)";
				SWIFT_VERSION = 5.0;
				TARGETED_DEVICE_FAMILY = "1,2";
				TEST_TARGET_NAME = "Weather App";
			};
			name = Release;
		};
/* End XCBuildConfiguration section */

/* Begin XCConfigurationList section */
		84F98EE0247689250088BA52 /* Build configuration list for PBXProject "Weather App" */ = {
			isa = XCConfigurationList;
			buildConfigurations = (
				84F98F0D247689350088BA52 /* Debug */,
				84F98F0E247689350088BA52 /* Release */,
			);
			defaultConfigurationIsVisible = 0;
			defaultConfigurationName = Release;
		};
		84F98F0F247689350088BA52 /* Build configuration list for PBXNativeTarget "Weather App" */ = {
			isa = XCConfigurationList;
			buildConfigurations = (
				84F98F10247689350088BA52 /* Debug */,
				84F98F11247689350088BA52 /* Release */,
			);
			defaultConfigurationIsVisible = 0;
			defaultConfigurationName = Release;
		};
		84F98F12247689350088BA52 /* Build configuration list for PBXNativeTarget "Weather AppTests" */ = {
			isa = XCConfigurationList;
			buildConfigurations = (
				84F98F13247689350088BA52 /* Debug */,
				84F98F14247689350088BA52 /* Release */,
			);
			defaultConfigurationIsVisible = 0;
			defaultConfigurationName = Release;
		};
		84F98F15247689350088BA52 /* Build configuration list for PBXNativeTarget "Weather AppUITests" */ = {
			isa = XCConfigurationList;
			buildConfigurations = (
				84F98F16247689350088BA52 /* Debug */,
				84F98F17247689350088BA52 /* Release */,
			);
			defaultConfigurationIsVisible = 0;
			defaultConfigurationName = Release;
		};
/* End XCConfigurationList section */
	};
	rootObject = 84F98EDD247689250088BA52 /* Project object */;
}
