// !$*UTF8*$!
{
	archiveVersion = 1;
	classes = {
	};
	objectVersion = 51;
	objects = {

/* Begin PBXBuildFile section */
		84F98EE9247689260088BA52 /* AppDelegate.swift in Sources */ = {isa = PBXBuildFile; fileRef = 84F98EE8247689260088BA52 /* AppDelegate.swift */; };
		84F98EED247689260088BA52 /* WeatherViewController.swift in Sources */ = {isa = PBXBuildFile; fileRef = 84F98EEC247689260088BA52 /* WeatherViewController.swift */; };
		84F98EF2247689340088BA52 /* Assets.xcassets in Resources */ = {isa = PBXBuildFile; fileRef = 84F98EF1247689340088BA52 /* Assets.xcassets */; };
		84F98EF5247689340088BA52 /* LaunchScreen.storyboard in Resources */ = {isa = PBXBuildFile; fileRef = 84F98EF3247689340088BA52 /* LaunchScreen.storyboard */; };
		84F98F00247689340088BA52 /* Weather_AppTests.swift in Sources */ = {isa = PBXBuildFile; fileRef = 84F98EFF247689340088BA52 /* Weather_AppTests.swift */; };
		84F98F0B247689350088BA52 /* Weather_AppUITests.swift in Sources */ = {isa = PBXBuildFile; fileRef = 84F98F0A247689350088BA52 /* Weather_AppUITests.swift */; };
		84F98F2224768D570088BA52 /* APIClient.swift in Sources */ = {isa = PBXBuildFile; fileRef = 84F98F2124768D570088BA52 /* APIClient.swift */; };
		84F98F2424768D640088BA52 /* Error.swift in Sources */ = {isa = PBXBuildFile; fileRef = 84F98F2324768D640088BA52 /* Error.swift */; };
		84F98F2724768D990088BA52 /* Constants.swift in Sources */ = {isa = PBXBuildFile; fileRef = 84F98F2624768D990088BA52 /* Constants.swift */; };
		84F98F292476988E0088BA52 /* CurrentWeather.swift in Sources */ = {isa = PBXBuildFile; fileRef = 84F98F282476988E0088BA52 /* CurrentWeather.swift */; };
		84F98F2B24769BC80088BA52 /* HourlyWeather.swift in Sources */ = {isa = PBXBuildFile; fileRef = 84F98F2A24769BC80088BA52 /* HourlyWeather.swift */; };
		84F98F2D2476BD010088BA52 /* TabBarController.swift in Sources */ = {isa = PBXBuildFile; fileRef = 84F98F2C2476BD010088BA52 /* TabBarController.swift */; };
		84F98F2F2476BD940088BA52 /* CitiesViewController.swift in Sources */ = {isa = PBXBuildFile; fileRef = 84F98F2E2476BD940088BA52 /* CitiesViewController.swift */; };
		84F98F312477D2E10088BA52 /* UIViewController+Ex.swift in Sources */ = {isa = PBXBuildFile; fileRef = 84F98F302477D2E10088BA52 /* UIViewController+Ex.swift */; };
		84F98F3324792AC30088BA52 /* WeatherCollectionViewLayout.swift in Sources */ = {isa = PBXBuildFile; fileRef = 84F98F3224792AC30088BA52 /* WeatherCollectionViewLayout.swift */; };
		84F98F35247930310088BA52 /* WeatherHelper.swift in Sources */ = {isa = PBXBuildFile; fileRef = 84F98F34247930310088BA52 /* WeatherHelper.swift */; };
		84F98F37247950A30088BA52 /* WeatherDay.swift in Sources */ = {isa = PBXBuildFile; fileRef = 84F98F36247950A30088BA52 /* WeatherDay.swift */; };
		84F98F39247953D70088BA52 /* String+Ex.swift in Sources */ = {isa = PBXBuildFile; fileRef = 84F98F38247953D70088BA52 /* String+Ex.swift */; };
		84F98F3B247A74E20088BA52 /* Date+Ex.swift in Sources */ = {isa = PBXBuildFile; fileRef = 84F98F3A247A74E20088BA52 /* Date+Ex.swift */; };
		84F98F3D247C34210088BA52 /* WeatherCollectionLayoutAttributes.swift in Sources */ = {isa = PBXBuildFile; fileRef = 84F98F3C247C34210088BA52 /* WeatherCollectionLayoutAttributes.swift */; };
		84F98F3F248265CC0088BA52 /* CellName+Ex.swift in Sources */ = {isa = PBXBuildFile; fileRef = 84F98F3E248265CC0088BA52 /* CellName+Ex.swift */; };
		84F98F412483D5E90088BA52 /* WeatherCollectionDataSource.swift in Sources */ = {isa = PBXBuildFile; fileRef = 84F98F402483D5E90088BA52 /* WeatherCollectionDataSource.swift */; };
		84F98F432483E7CF0088BA52 /* WeatherHeaderView.swift in Sources */ = {isa = PBXBuildFile; fileRef = 84F98F422483E7CF0088BA52 /* WeatherHeaderView.swift */; };
		84F98F452483E9B80088BA52 /* TodayWeatherCollectionCell.swift in Sources */ = {isa = PBXBuildFile; fileRef = 84F98F442483E9B80088BA52 /* TodayWeatherCollectionCell.swift */; };
		84F98F4724840D810088BA52 /* HourlyWeatherCollectionCell.swift in Sources */ = {isa = PBXBuildFile; fileRef = 84F98F4624840D810088BA52 /* HourlyWeatherCollectionCell.swift */; };
		84F98F4924840D930088BA52 /* WeeklyWeatherCollectionCell.swift in Sources */ = {isa = PBXBuildFile; fileRef = 84F98F4824840D930088BA52 /* WeeklyWeatherCollectionCell.swift */; };
		84F98F4B24840DAB0088BA52 /* SummuryWeatherCollectionCell.swift in Sources */ = {isa = PBXBuildFile; fileRef = 84F98F4A24840DAB0088BA52 /* SummuryWeatherCollectionCell.swift */; };
		84F98F4D24840DC40088BA52 /* DetailWeatherCollectionCell.swift in Sources */ = {isa = PBXBuildFile; fileRef = 84F98F4C24840DC40088BA52 /* DetailWeatherCollectionCell.swift */; };
		84F98F4F24840F900088BA52 /* UICollectionView+Ex.swift in Sources */ = {isa = PBXBuildFile; fileRef = 84F98F4E24840F900088BA52 /* UICollectionView+Ex.swift */; };
		84F98F522484FF880088BA52 /* UILabel.swift in Sources */ = {isa = PBXBuildFile; fileRef = 84F98F512484FF880088BA52 /* UILabel.swift */; };
		84F98F54248504D00088BA52 /* DataSourceCell.swift in Sources */ = {isa = PBXBuildFile; fileRef = 84F98F53248504D00088BA52 /* DataSourceCell.swift */; };
		84F98F57248506620088BA52 /* VerticalHourlyWeatherCollectionCell.swift in Sources */ = {isa = PBXBuildFile; fileRef = 84F98F56248506620088BA52 /* VerticalHourlyWeatherCollectionCell.swift */; };
		84F98F5B24865F190088BA52 /* HourlyWeatherCollectionDataSource.swift in Sources */ = {isa = PBXBuildFile; fileRef = 84F98F5A24865F190088BA52 /* HourlyWeatherCollectionDataSource.swift */; };
		86019F651B336D2FC578CED3 /* Pods_Weather_App.framework in Frameworks */ = {isa = PBXBuildFile; fileRef = C189FC3F908CFA1628398B9F /* Pods_Weather_App.framework */; };
		B19981757BE567EEED0699D3 /* Pods_Weather_App_Weather_AppUITests.framework in Frameworks */ = {isa = PBXBuildFile; fileRef = 0C367FBD2BDE12D16124A26A /* Pods_Weather_App_Weather_AppUITests.framework */; };
		F04997F93480D4806BEB9FAF /* Pods_Weather_AppTests.framework in Frameworks */ = {isa = PBXBuildFile; fileRef = 97A91B7F75E1DD63A2FF8220 /* Pods_Weather_AppTests.framework */; };
/* End PBXBuildFile section */

/* Begin PBXContainerItemProxy section */
		84F98EFC247689340088BA52 /* PBXContainerItemProxy */ = {
			isa = PBXContainerItemProxy;
			containerPortal = 84F98EDD247689250088BA52 /* Project object */;
			proxyType = 1;
			remoteGlobalIDString = 84F98EE4247689260088BA52;
			remoteInfo = "Weather App";
		};
		84F98F07247689350088BA52 /* PBXContainerItemProxy */ = {
			isa = PBXContainerItemProxy;
			containerPortal = 84F98EDD247689250088BA52 /* Project object */;
			proxyType = 1;
			remoteGlobalIDString = 84F98EE4247689260088BA52;
			remoteInfo = "Weather App";
		};
/* End PBXContainerItemProxy section */

/* Begin PBXFileReference section */
		0C367FBD2BDE12D16124A26A /* Pods_Weather_App_Weather_AppUITests.framework */ = {isa = PBXFileReference; explicitFileType = wrapper.framework; includeInIndex = 0; path = Pods_Weather_App_Weather_AppUITests.framework; sourceTree = BUILT_PRODUCTS_DIR; };
		3B0C9C17DD307239A9D147F0 /* Pods-Weather AppTests.release.xcconfig */ = {isa = PBXFileReference; includeInIndex = 1; lastKnownFileType = text.xcconfig; name = "Pods-Weather AppTests.release.xcconfig"; path = "Target Support Files/Pods-Weather AppTests/Pods-Weather AppTests.release.xcconfig"; sourceTree = "<group>"; };
		41B6563A900C07D75563A65F /* Pods-Weather App.debug.xcconfig */ = {isa = PBXFileReference; includeInIndex = 1; lastKnownFileType = text.xcconfig; name = "Pods-Weather App.debug.xcconfig"; path = "Target Support Files/Pods-Weather App/Pods-Weather App.debug.xcconfig"; sourceTree = "<group>"; };
		4D3A1D1F6572A050D0952DE2 /* Pods-Weather AppTests.debug.xcconfig */ = {isa = PBXFileReference; includeInIndex = 1; lastKnownFileType = text.xcconfig; name = "Pods-Weather AppTests.debug.xcconfig"; path = "Target Support Files/Pods-Weather AppTests/Pods-Weather AppTests.debug.xcconfig"; sourceTree = "<group>"; };
		7C17A95A7B0CB81DFF74FA8A /* Pods-Weather App-Weather AppUITests.release.xcconfig */ = {isa = PBXFileReference; includeInIndex = 1; lastKnownFileType = text.xcconfig; name = "Pods-Weather App-Weather AppUITests.release.xcconfig"; path = "Target Support Files/Pods-Weather App-Weather AppUITests/Pods-Weather App-Weather AppUITests.release.xcconfig"; sourceTree = "<group>"; };
		84F98EE5247689260088BA52 /* Weather App.app */ = {isa = PBXFileReference; explicitFileType = wrapper.application; includeInIndex = 0; path = "Weather App.app"; sourceTree = BUILT_PRODUCTS_DIR; };
		84F98EE8247689260088BA52 /* AppDelegate.swift */ = {isa = PBXFileReference; lastKnownFileType = sourcecode.swift; path = AppDelegate.swift; sourceTree = "<group>"; };
		84F98EEC247689260088BA52 /* WeatherViewController.swift */ = {isa = PBXFileReference; lastKnownFileType = sourcecode.swift; path = WeatherViewController.swift; sourceTree = "<group>"; };
		84F98EF1247689340088BA52 /* Assets.xcassets */ = {isa = PBXFileReference; lastKnownFileType = folder.assetcatalog; path = Assets.xcassets; sourceTree = "<group>"; };
		84F98EF4247689340088BA52 /* Base */ = {isa = PBXFileReference; lastKnownFileType = file.storyboard; name = Base; path = Base.lproj/LaunchScreen.storyboard; sourceTree = "<group>"; };
		84F98EF6247689340088BA52 /* Info.plist */ = {isa = PBXFileReference; lastKnownFileType = text.plist.xml; path = Info.plist; sourceTree = "<group>"; };
		84F98EFB247689340088BA52 /* Weather AppTests.xctest */ = {isa = PBXFileReference; explicitFileType = wrapper.cfbundle; includeInIndex = 0; path = "Weather AppTests.xctest"; sourceTree = BUILT_PRODUCTS_DIR; };
		84F98EFF247689340088BA52 /* Weather_AppTests.swift */ = {isa = PBXFileReference; lastKnownFileType = sourcecode.swift; path = Weather_AppTests.swift; sourceTree = "<group>"; };
		84F98F01247689340088BA52 /* Info.plist */ = {isa = PBXFileReference; lastKnownFileType = text.plist.xml; path = Info.plist; sourceTree = "<group>"; };
		84F98F06247689350088BA52 /* Weather AppUITests.xctest */ = {isa = PBXFileReference; explicitFileType = wrapper.cfbundle; includeInIndex = 0; path = "Weather AppUITests.xctest"; sourceTree = BUILT_PRODUCTS_DIR; };
		84F98F0A247689350088BA52 /* Weather_AppUITests.swift */ = {isa = PBXFileReference; lastKnownFileType = sourcecode.swift; path = Weather_AppUITests.swift; sourceTree = "<group>"; };
		84F98F0C247689350088BA52 /* Info.plist */ = {isa = PBXFileReference; lastKnownFileType = text.plist.xml; path = Info.plist; sourceTree = "<group>"; };
		84F98F2124768D570088BA52 /* APIClient.swift */ = {isa = PBXFileReference; lastKnownFileType = sourcecode.swift; path = APIClient.swift; sourceTree = "<group>"; };
		84F98F2324768D640088BA52 /* Error.swift */ = {isa = PBXFileReference; lastKnownFileType = sourcecode.swift; path = Error.swift; sourceTree = "<group>"; };
		84F98F2624768D990088BA52 /* Constants.swift */ = {isa = PBXFileReference; lastKnownFileType = sourcecode.swift; path = Constants.swift; sourceTree = "<group>"; };
		84F98F282476988E0088BA52 /* CurrentWeather.swift */ = {isa = PBXFileReference; lastKnownFileType = sourcecode.swift; path = CurrentWeather.swift; sourceTree = "<group>"; };
		84F98F2A24769BC80088BA52 /* HourlyWeather.swift */ = {isa = PBXFileReference; lastKnownFileType = sourcecode.swift; path = HourlyWeather.swift; sourceTree = "<group>"; };
		84F98F2C2476BD010088BA52 /* TabBarController.swift */ = {isa = PBXFileReference; lastKnownFileType = sourcecode.swift; path = TabBarController.swift; sourceTree = "<group>"; };
		84F98F2E2476BD940088BA52 /* CitiesViewController.swift */ = {isa = PBXFileReference; lastKnownFileType = sourcecode.swift; path = CitiesViewController.swift; sourceTree = "<group>"; };
		84F98F302477D2E10088BA52 /* UIViewController+Ex.swift */ = {isa = PBXFileReference; lastKnownFileType = sourcecode.swift; path = "UIViewController+Ex.swift"; sourceTree = "<group>"; };
		84F98F3224792AC30088BA52 /* WeatherCollectionViewLayout.swift */ = {isa = PBXFileReference; lastKnownFileType = sourcecode.swift; path = WeatherCollectionViewLayout.swift; sourceTree = "<group>"; };
		84F98F34247930310088BA52 /* WeatherHelper.swift */ = {isa = PBXFileReference; lastKnownFileType = sourcecode.swift; path = WeatherHelper.swift; sourceTree = "<group>"; };
		84F98F36247950A30088BA52 /* WeatherDay.swift */ = {isa = PBXFileReference; lastKnownFileType = sourcecode.swift; path = WeatherDay.swift; sourceTree = "<group>"; };
		84F98F38247953D70088BA52 /* String+Ex.swift */ = {isa = PBXFileReference; lastKnownFileType = sourcecode.swift; path = "String+Ex.swift"; sourceTree = "<group>"; };
		84F98F3A247A74E20088BA52 /* Date+Ex.swift */ = {isa = PBXFileReference; lastKnownFileType = sourcecode.swift; path = "Date+Ex.swift"; sourceTree = "<group>"; };
		84F98F3C247C34210088BA52 /* WeatherCollectionLayoutAttributes.swift */ = {isa = PBXFileReference; lastKnownFileType = sourcecode.swift; path = WeatherCollectionLayoutAttributes.swift; sourceTree = "<group>"; };
		84F98F3E248265CC0088BA52 /* CellName+Ex.swift */ = {isa = PBXFileReference; lastKnownFileType = sourcecode.swift; path = "CellName+Ex.swift"; sourceTree = "<group>"; };
		84F98F402483D5E90088BA52 /* WeatherCollectionDataSource.swift */ = {isa = PBXFileReference; lastKnownFileType = sourcecode.swift; path = WeatherCollectionDataSource.swift; sourceTree = "<group>"; };
		84F98F422483E7CF0088BA52 /* WeatherHeaderView.swift */ = {isa = PBXFileReference; lastKnownFileType = sourcecode.swift; path = WeatherHeaderView.swift; sourceTree = "<group>"; };
		84F98F442483E9B80088BA52 /* TodayWeatherCollectionCell.swift */ = {isa = PBXFileReference; lastKnownFileType = sourcecode.swift; path = TodayWeatherCollectionCell.swift; sourceTree = "<group>"; };
		84F98F4624840D810088BA52 /* HourlyWeatherCollectionCell.swift */ = {isa = PBXFileReference; lastKnownFileType = sourcecode.swift; path = HourlyWeatherCollectionCell.swift; sourceTree = "<group>"; };
		84F98F4824840D930088BA52 /* WeeklyWeatherCollectionCell.swift */ = {isa = PBXFileReference; lastKnownFileType = sourcecode.swift; path = WeeklyWeatherCollectionCell.swift; sourceTree = "<group>"; };
		84F98F4A24840DAB0088BA52 /* SummuryWeatherCollectionCell.swift */ = {isa = PBXFileReference; lastKnownFileType = sourcecode.swift; path = SummuryWeatherCollectionCell.swift; sourceTree = "<group>"; };
		84F98F4C24840DC40088BA52 /* DetailWeatherCollectionCell.swift */ = {isa = PBXFileReference; lastKnownFileType = sourcecode.swift; path = DetailWeatherCollectionCell.swift; sourceTree = "<group>"; };
		84F98F4E24840F900088BA52 /* UICollectionView+Ex.swift */ = {isa = PBXFileReference; lastKnownFileType = sourcecode.swift; path = "UICollectionView+Ex.swift"; sourceTree = "<group>"; };
		84F98F512484FF880088BA52 /* UILabel.swift */ = {isa = PBXFileReference; lastKnownFileType = sourcecode.swift; path = UILabel.swift; sourceTree = "<group>"; };
		84F98F53248504D00088BA52 /* DataSourceCell.swift */ = {isa = PBXFileReference; lastKnownFileType = sourcecode.swift; path = DataSourceCell.swift; sourceTree = "<group>"; };
		84F98F56248506620088BA52 /* VerticalHourlyWeatherCollectionCell.swift */ = {isa = PBXFileReference; lastKnownFileType = sourcecode.swift; path = VerticalHourlyWeatherCollectionCell.swift; sourceTree = "<group>"; };
		84F98F5A24865F190088BA52 /* HourlyWeatherCollectionDataSource.swift */ = {isa = PBXFileReference; lastKnownFileType = sourcecode.swift; path = HourlyWeatherCollectionDataSource.swift; sourceTree = "<group>"; };
		97A91B7F75E1DD63A2FF8220 /* Pods_Weather_AppTests.framework */ = {isa = PBXFileReference; explicitFileType = wrapper.framework; includeInIndex = 0; path = Pods_Weather_AppTests.framework; sourceTree = BUILT_PRODUCTS_DIR; };
		C189FC3F908CFA1628398B9F /* Pods_Weather_App.framework */ = {isa = PBXFileReference; explicitFileType = wrapper.framework; includeInIndex = 0; path = Pods_Weather_App.framework; sourceTree = BUILT_PRODUCTS_DIR; };
		C8E11B0C94D6FD4D09FFFEA0 /* Pods-Weather App.release.xcconfig */ = {isa = PBXFileReference; includeInIndex = 1; lastKnownFileType = text.xcconfig; name = "Pods-Weather App.release.xcconfig"; path = "Target Support Files/Pods-Weather App/Pods-Weather App.release.xcconfig"; sourceTree = "<group>"; };
		D12BEEEBD95136A1D354357C /* Pods-Weather App-Weather AppUITests.debug.xcconfig */ = {isa = PBXFileReference; includeInIndex = 1; lastKnownFileType = text.xcconfig; name = "Pods-Weather App-Weather AppUITests.debug.xcconfig"; path = "Target Support Files/Pods-Weather App-Weather AppUITests/Pods-Weather App-Weather AppUITests.debug.xcconfig"; sourceTree = "<group>"; };
/* End PBXFileReference section */

/* Begin PBXFrameworksBuildPhase section */
		84F98EE2247689260088BA52 /* Frameworks */ = {
			isa = PBXFrameworksBuildPhase;
			buildActionMask = 2147483647;
			files = (
				86019F651B336D2FC578CED3 /* Pods_Weather_App.framework in Frameworks */,
			);
			runOnlyForDeploymentPostprocessing = 0;
		};
		84F98EF8247689340088BA52 /* Frameworks */ = {
			isa = PBXFrameworksBuildPhase;
			buildActionMask = 2147483647;
			files = (
				F04997F93480D4806BEB9FAF /* Pods_Weather_AppTests.framework in Frameworks */,
			);
			runOnlyForDeploymentPostprocessing = 0;
		};
		84F98F03247689350088BA52 /* Frameworks */ = {
			isa = PBXFrameworksBuildPhase;
			buildActionMask = 2147483647;
			files = (
				B19981757BE567EEED0699D3 /* Pods_Weather_App_Weather_AppUITests.framework in Frameworks */,
			);
			runOnlyForDeploymentPostprocessing = 0;
		};
/* End PBXFrameworksBuildPhase section */

/* Begin PBXGroup section */
		4731989035C36939412D8A99 /* Frameworks */ = {
			isa = PBXGroup;
			children = (
				C189FC3F908CFA1628398B9F /* Pods_Weather_App.framework */,
				0C367FBD2BDE12D16124A26A /* Pods_Weather_App_Weather_AppUITests.framework */,
				97A91B7F75E1DD63A2FF8220 /* Pods_Weather_AppTests.framework */,
			);
			name = Frameworks;
			sourceTree = "<group>";
		};
		84F98EDC247689250088BA52 = {
			isa = PBXGroup;
			children = (
				84F98EE7247689260088BA52 /* Weather App */,
				84F98EFE247689340088BA52 /* Weather AppTests */,
				84F98F09247689350088BA52 /* Weather AppUITests */,
				84F98EE6247689260088BA52 /* Products */,
				9A969571BA0D56140C29AAEB /* Pods */,
				4731989035C36939412D8A99 /* Frameworks */,
			);
			sourceTree = "<group>";
		};
		84F98EE6247689260088BA52 /* Products */ = {
			isa = PBXGroup;
			children = (
				84F98EE5247689260088BA52 /* Weather App.app */,
				84F98EFB247689340088BA52 /* Weather AppTests.xctest */,
				84F98F06247689350088BA52 /* Weather AppUITests.xctest */,
			);
			name = Products;
			sourceTree = "<group>";
		};
		84F98EE7247689260088BA52 /* Weather App */ = {
			isa = PBXGroup;
			children = (
				84F98EF6247689340088BA52 /* Info.plist */,
				84F98EF3247689340088BA52 /* LaunchScreen.storyboard */,
				84F98F1F24768CA80088BA52 /* Common */,
				84F98F18247689AF0088BA52 /* Network */,
				84F98F1A247689BF0088BA52 /* Model */,
				84F98F2024768CDF0088BA52 /* DataSource */,
				84F98F1B247689C80088BA52 /* Layout */,
				84F98F1C247689CF0088BA52 /* Views */,
				84F98F19247689B60088BA52 /* ViewController */,
				84F98F2524768D710088BA52 /* Extensions */,
				84F98F1D247689DC0088BA52 /* Utillity */,
				84F98F1E24768C930088BA52 /* Resources */,
			);
			path = "Weather App";
			sourceTree = "<group>";
		};
		84F98EFE247689340088BA52 /* Weather AppTests */ = {
			isa = PBXGroup;
			children = (
				84F98EFF247689340088BA52 /* Weather_AppTests.swift */,
				84F98F01247689340088BA52 /* Info.plist */,
			);
			path = "Weather AppTests";
			sourceTree = "<group>";
		};
		84F98F09247689350088BA52 /* Weather AppUITests */ = {
			isa = PBXGroup;
			children = (
				84F98F0A247689350088BA52 /* Weather_AppUITests.swift */,
				84F98F0C247689350088BA52 /* Info.plist */,
			);
			path = "Weather AppUITests";
			sourceTree = "<group>";
		};
		84F98F18247689AF0088BA52 /* Network */ = {
			isa = PBXGroup;
			children = (
				84F98F2124768D570088BA52 /* APIClient.swift */,
				84F98F2324768D640088BA52 /* Error.swift */,
			);
			path = Network;
			sourceTree = "<group>";
		};
		84F98F19247689B60088BA52 /* ViewController */ = {
			isa = PBXGroup;
			children = (
				84F98EEC247689260088BA52 /* WeatherViewController.swift */,
				84F98F2C2476BD010088BA52 /* TabBarController.swift */,
				84F98F2E2476BD940088BA52 /* CitiesViewController.swift */,
			);
			path = ViewController;
			sourceTree = "<group>";
		};
		84F98F1A247689BF0088BA52 /* Model */ = {
			isa = PBXGroup;
			children = (
				84F98F282476988E0088BA52 /* CurrentWeather.swift */,
				84F98F2A24769BC80088BA52 /* HourlyWeather.swift */,
				84F98F34247930310088BA52 /* WeatherHelper.swift */,
				84F98F36247950A30088BA52 /* WeatherDay.swift */,
			);
			path = Model;
			sourceTree = "<group>";
		};
		84F98F1B247689C80088BA52 /* Layout */ = {
			isa = PBXGroup;
			children = (
				84F98F3224792AC30088BA52 /* WeatherCollectionViewLayout.swift */,
				84F98F3C247C34210088BA52 /* WeatherCollectionLayoutAttributes.swift */,
			);
			path = Layout;
			sourceTree = "<group>";
		};
		84F98F1C247689CF0088BA52 /* Views */ = {
			isa = PBXGroup;
			children = (
				84F98F55248505F90088BA52 /* Cells */,
				84F98F502484FF6A0088BA52 /* ReusableViews */,
				84F98F422483E7CF0088BA52 /* WeatherHeaderView.swift */,
				84F98F442483E9B80088BA52 /* TodayWeatherCollectionCell.swift */,
				84F98F4624840D810088BA52 /* HourlyWeatherCollectionCell.swift */,
				84F98F4824840D930088BA52 /* WeeklyWeatherCollectionCell.swift */,
				84F98F4A24840DAB0088BA52 /* SummuryWeatherCollectionCell.swift */,
				84F98F4C24840DC40088BA52 /* DetailWeatherCollectionCell.swift */,
			);
			path = Views;
			sourceTree = "<group>";
		};
		84F98F1D247689DC0088BA52 /* Utillity */ = {
			isa = PBXGroup;
			children = (
				84F98F2624768D990088BA52 /* Constants.swift */,
			);
			path = Utillity;
			sourceTree = "<group>";
		};
		84F98F1E24768C930088BA52 /* Resources */ = {
			isa = PBXGroup;
			children = (
				84F98EF1247689340088BA52 /* Assets.xcassets */,
			);
			path = Resources;
			sourceTree = "<group>";
		};
		84F98F1F24768CA80088BA52 /* Common */ = {
			isa = PBXGroup;
			children = (
				84F98EE8247689260088BA52 /* AppDelegate.swift */,
			);
			path = Common;
			sourceTree = "<group>";
		};
		84F98F2024768CDF0088BA52 /* DataSource */ = {
			isa = PBXGroup;
			children = (
				84F98F402483D5E90088BA52 /* WeatherCollectionDataSource.swift */,
				84F98F53248504D00088BA52 /* DataSourceCell.swift */,
				84F98F5A24865F190088BA52 /* HourlyWeatherCollectionDataSource.swift */,
			);
			path = DataSource;
			sourceTree = "<group>";
		};
		84F98F2524768D710088BA52 /* Extensions */ = {
			isa = PBXGroup;
			children = (
				84F98F302477D2E10088BA52 /* UIViewController+Ex.swift */,
				84F98F38247953D70088BA52 /* String+Ex.swift */,
				84F98F3A247A74E20088BA52 /* Date+Ex.swift */,
				84F98F3E248265CC0088BA52 /* CellName+Ex.swift */,
				84F98F4E24840F900088BA52 /* UICollectionView+Ex.swift */,
			);
			path = Extensions;
			sourceTree = "<group>";
		};
		84F98F502484FF6A0088BA52 /* ReusableViews */ = {
			isa = PBXGroup;
			children = (
				84F98F512484FF880088BA52 /* UILabel.swift */,
			);
			path = ReusableViews;
			sourceTree = "<group>";
		};
		84F98F55248505F90088BA52 /* Cells */ = {
			isa = PBXGroup;
			children = (
				84F98F56248506620088BA52 /* VerticalHourlyWeatherCollectionCell.swift */,
			);
			path = Cells;
			sourceTree = "<group>";
		};
		9A969571BA0D56140C29AAEB /* Pods */ = {
			isa = PBXGroup;
			children = (
				41B6563A900C07D75563A65F /* Pods-Weather App.debug.xcconfig */,
				C8E11B0C94D6FD4D09FFFEA0 /* Pods-Weather App.release.xcconfig */,
				D12BEEEBD95136A1D354357C /* Pods-Weather App-Weather AppUITests.debug.xcconfig */,
				7C17A95A7B0CB81DFF74FA8A /* Pods-Weather App-Weather AppUITests.release.xcconfig */,
				4D3A1D1F6572A050D0952DE2 /* Pods-Weather AppTests.debug.xcconfig */,
				3B0C9C17DD307239A9D147F0 /* Pods-Weather AppTests.release.xcconfig */,
			);
			path = Pods;
			sourceTree = "<group>";
		};
/* End PBXGroup section */

/* Begin PBXNativeTarget section */
		84F98EE4247689260088BA52 /* Weather App */ = {
			isa = PBXNativeTarget;
			buildConfigurationList = 84F98F0F247689350088BA52 /* Build configuration list for PBXNativeTarget "Weather App" */;
			buildPhases = (
				8862FEC6CBE7D369A66046EE /* [CP] Check Pods Manifest.lock */,
				84F98EE1247689260088BA52 /* Sources */,
				84F98EE2247689260088BA52 /* Frameworks */,
				84F98EE3247689260088BA52 /* Resources */,
				2347319AF8254E1B1D27F642 /* [CP] Embed Pods Frameworks */,
			);
			buildRules = (
			);
			dependencies = (
			);
			name = "Weather App";
			productName = "Weather App";
			productReference = 84F98EE5247689260088BA52 /* Weather App.app */;
			productType = "com.apple.product-type.application";
		};
		84F98EFA247689340088BA52 /* Weather AppTests */ = {
			isa = PBXNativeTarget;
			buildConfigurationList = 84F98F12247689350088BA52 /* Build configuration list for PBXNativeTarget "Weather AppTests" */;
			buildPhases = (
				B88F983771831C22B412D583 /* [CP] Check Pods Manifest.lock */,
				84F98EF7247689340088BA52 /* Sources */,
				84F98EF8247689340088BA52 /* Frameworks */,
				84F98EF9247689340088BA52 /* Resources */,
			);
			buildRules = (
			);
			dependencies = (
				84F98EFD247689340088BA52 /* PBXTargetDependency */,
			);
			name = "Weather AppTests";
			productName = "Weather AppTests";
			productReference = 84F98EFB247689340088BA52 /* Weather AppTests.xctest */;
			productType = "com.apple.product-type.bundle.unit-test";
		};
		84F98F05247689350088BA52 /* Weather AppUITests */ = {
			isa = PBXNativeTarget;
			buildConfigurationList = 84F98F15247689350088BA52 /* Build configuration list for PBXNativeTarget "Weather AppUITests" */;
			buildPhases = (
				303F8C290E04684165680134 /* [CP] Check Pods Manifest.lock */,
				84F98F02247689350088BA52 /* Sources */,
				84F98F03247689350088BA52 /* Frameworks */,
				84F98F04247689350088BA52 /* Resources */,
				D2FD70D05EC6B63D072D8552 /* [CP] Embed Pods Frameworks */,
			);
			buildRules = (
			);
			dependencies = (
				84F98F08247689350088BA52 /* PBXTargetDependency */,
			);
			name = "Weather AppUITests";
			productName = "Weather AppUITests";
			productReference = 84F98F06247689350088BA52 /* Weather AppUITests.xctest */;
			productType = "com.apple.product-type.bundle.ui-testing";
		};
/* End PBXNativeTarget section */

/* Begin PBXProject section */
		84F98EDD247689250088BA52 /* Project object */ = {
			isa = PBXProject;
			attributes = {
				LastSwiftUpdateCheck = 1130;
				LastUpgradeCheck = 1130;
				ORGANIZATIONNAME = "Admin\U0010\U0010";
				TargetAttributes = {
					84F98EE4247689260088BA52 = {
						CreatedOnToolsVersion = 11.3;
					};
					84F98EFA247689340088BA52 = {
						CreatedOnToolsVersion = 11.3;
						TestTargetID = 84F98EE4247689260088BA52;
					};
					84F98F05247689350088BA52 = {
						CreatedOnToolsVersion = 11.3;
						TestTargetID = 84F98EE4247689260088BA52;
					};
				};
			};
			buildConfigurationList = 84F98EE0247689250088BA52 /* Build configuration list for PBXProject "Weather App" */;
			compatibilityVersion = "Xcode 9.3";
			developmentRegion = en;
			hasScannedForEncodings = 0;
			knownRegions = (
				en,
				Base,
			);
			mainGroup = 84F98EDC247689250088BA52;
			productRefGroup = 84F98EE6247689260088BA52 /* Products */;
			projectDirPath = "";
			projectRoot = "";
			targets = (
				84F98EE4247689260088BA52 /* Weather App */,
				84F98EFA247689340088BA52 /* Weather AppTests */,
				84F98F05247689350088BA52 /* Weather AppUITests */,
			);
		};
/* End PBXProject section */

/* Begin PBXResourcesBuildPhase section */
		84F98EE3247689260088BA52 /* Resources */ = {
			isa = PBXResourcesBuildPhase;
			buildActionMask = 2147483647;
			files = (
				84F98EF5247689340088BA52 /* LaunchScreen.storyboard in Resources */,
				84F98EF2247689340088BA52 /* Assets.xcassets in Resources */,
			);
			runOnlyForDeploymentPostprocessing = 0;
		};
		84F98EF9247689340088BA52 /* Resources */ = {
			isa = PBXResourcesBuildPhase;
			buildActionMask = 2147483647;
			files = (
			);
			runOnlyForDeploymentPostprocessing = 0;
		};
		84F98F04247689350088BA52 /* Resources */ = {
			isa = PBXResourcesBuildPhase;
			buildActionMask = 2147483647;
			files = (
			);
			runOnlyForDeploymentPostprocessing = 0;
		};
/* End PBXResourcesBuildPhase section */

/* Begin PBXShellScriptBuildPhase section */
		2347319AF8254E1B1D27F642 /* [CP] Embed Pods Frameworks */ = {
			isa = PBXShellScriptBuildPhase;
			buildActionMask = 2147483647;
			files = (
			);
			inputFileListPaths = (
				"${PODS_ROOT}/Target Support Files/Pods-Weather App/Pods-Weather App-frameworks-${CONFIGURATION}-input-files.xcfilelist",
			);
			name = "[CP] Embed Pods Frameworks";
			outputFileListPaths = (
				"${PODS_ROOT}/Target Support Files/Pods-Weather App/Pods-Weather App-frameworks-${CONFIGURATION}-output-files.xcfilelist",
			);
			runOnlyForDeploymentPostprocessing = 0;
			shellPath = /bin/sh;
			shellScript = "\"${PODS_ROOT}/Target Support Files/Pods-Weather App/Pods-Weather App-frameworks.sh\"\n";
			showEnvVarsInLog = 0;
		};
		303F8C290E04684165680134 /* [CP] Check Pods Manifest.lock */ = {
			isa = PBXShellScriptBuildPhase;
			buildActionMask = 2147483647;
			files = (
			);
			inputFileListPaths = (
			);
			inputPaths = (
				"${PODS_PODFILE_DIR_PATH}/Podfile.lock",
				"${PODS_ROOT}/Manifest.lock",
			);
			name = "[CP] Check Pods Manifest.lock";
			outputFileListPaths = (
			);
			outputPaths = (
				"$(DERIVED_FILE_DIR)/Pods-Weather App-Weather AppUITests-checkManifestLockResult.txt",
			);
			runOnlyForDeploymentPostprocessing = 0;
			shellPath = /bin/sh;
			shellScript = "diff \"${PODS_PODFILE_DIR_PATH}/Podfile.lock\" \"${PODS_ROOT}/Manifest.lock\" > /dev/null\nif [ $? != 0 ] ; then\n    # print error to STDERR\n    echo \"error: The sandbox is not in sync with the Podfile.lock. Run 'pod install' or update your CocoaPods installation.\" >&2\n    exit 1\nfi\n# This output is used by Xcode 'outputs' to avoid re-running this script phase.\necho \"SUCCESS\" > \"${SCRIPT_OUTPUT_FILE_0}\"\n";
			showEnvVarsInLog = 0;
		};
		8862FEC6CBE7D369A66046EE /* [CP] Check Pods Manifest.lock */ = {
			isa = PBXShellScriptBuildPhase;
			buildActionMask = 2147483647;
			files = (
			);
			inputFileListPaths = (
			);
			inputPaths = (
				"${PODS_PODFILE_DIR_PATH}/Podfile.lock",
				"${PODS_ROOT}/Manifest.lock",
			);
			name = "[CP] Check Pods Manifest.lock";
			outputFileListPaths = (
			);
			outputPaths = (
				"$(DERIVED_FILE_DIR)/Pods-Weather App-checkManifestLockResult.txt",
			);
			runOnlyForDeploymentPostprocessing = 0;
			shellPath = /bin/sh;
			shellScript = "diff \"${PODS_PODFILE_DIR_PATH}/Podfile.lock\" \"${PODS_ROOT}/Manifest.lock\" > /dev/null\nif [ $? != 0 ] ; then\n    # print error to STDERR\n    echo \"error: The sandbox is not in sync with the Podfile.lock. Run 'pod install' or update your CocoaPods installation.\" >&2\n    exit 1\nfi\n# This output is used by Xcode 'outputs' to avoid re-running this script phase.\necho \"SUCCESS\" > \"${SCRIPT_OUTPUT_FILE_0}\"\n";
			showEnvVarsInLog = 0;
		};
		B88F983771831C22B412D583 /* [CP] Check Pods Manifest.lock */ = {
			isa = PBXShellScriptBuildPhase;
			buildActionMask = 2147483647;
			files = (
			);
			inputFileListPaths = (
			);
			inputPaths = (
				"${PODS_PODFILE_DIR_PATH}/Podfile.lock",
				"${PODS_ROOT}/Manifest.lock",
			);
			name = "[CP] Check Pods Manifest.lock";
			outputFileListPaths = (
			);
			outputPaths = (
				"$(DERIVED_FILE_DIR)/Pods-Weather AppTests-checkManifestLockResult.txt",
			);
			runOnlyForDeploymentPostprocessing = 0;
			shellPath = /bin/sh;
			shellScript = "diff \"${PODS_PODFILE_DIR_PATH}/Podfile.lock\" \"${PODS_ROOT}/Manifest.lock\" > /dev/null\nif [ $? != 0 ] ; then\n    # print error to STDERR\n    echo \"error: The sandbox is not in sync with the Podfile.lock. Run 'pod install' or update your CocoaPods installation.\" >&2\n    exit 1\nfi\n# This output is used by Xcode 'outputs' to avoid re-running this script phase.\necho \"SUCCESS\" > \"${SCRIPT_OUTPUT_FILE_0}\"\n";
			showEnvVarsInLog = 0;
		};
		D2FD70D05EC6B63D072D8552 /* [CP] Embed Pods Frameworks */ = {
			isa = PBXShellScriptBuildPhase;
			buildActionMask = 2147483647;
			files = (
			);
			inputFileListPaths = (
				"${PODS_ROOT}/Target Support Files/Pods-Weather App-Weather AppUITests/Pods-Weather App-Weather AppUITests-frameworks-${CONFIGURATION}-input-files.xcfilelist",
			);
			name = "[CP] Embed Pods Frameworks";
			outputFileListPaths = (
				"${PODS_ROOT}/Target Support Files/Pods-Weather App-Weather AppUITests/Pods-Weather App-Weather AppUITests-frameworks-${CONFIGURATION}-output-files.xcfilelist",
			);
			runOnlyForDeploymentPostprocessing = 0;
			shellPath = /bin/sh;
			shellScript = "\"${PODS_ROOT}/Target Support Files/Pods-Weather App-Weather AppUITests/Pods-Weather App-Weather AppUITests-frameworks.sh\"\n";
			showEnvVarsInLog = 0;
		};
/* End PBXShellScriptBuildPhase section */

/* Begin PBXSourcesBuildPhase section */
		84F98EE1247689260088BA52 /* Sources */ = {
			isa = PBXSourcesBuildPhase;
			buildActionMask = 2147483647;
			files = (
				84F98F452483E9B80088BA52 /* TodayWeatherCollectionCell.swift in Sources */,
				84F98F4724840D810088BA52 /* HourlyWeatherCollectionCell.swift in Sources */,
				84F98F4F24840F900088BA52 /* UICollectionView+Ex.swift in Sources */,
				84F98F432483E7CF0088BA52 /* WeatherHeaderView.swift in Sources */,
				84F98F3324792AC30088BA52 /* WeatherCollectionViewLayout.swift in Sources */,
				84F98F2724768D990088BA52 /* Constants.swift in Sources */,
				84F98F312477D2E10088BA52 /* UIViewController+Ex.swift in Sources */,
				84F98F5B24865F190088BA52 /* HourlyWeatherCollectionDataSource.swift in Sources */,
				84F98F3D247C34210088BA52 /* WeatherCollectionLayoutAttributes.swift in Sources */,
				84F98F2D2476BD010088BA52 /* TabBarController.swift in Sources */,
				84F98F4B24840DAB0088BA52 /* SummuryWeatherCollectionCell.swift in Sources */,
				84F98F2424768D640088BA52 /* Error.swift in Sources */,
				84F98F2F2476BD940088BA52 /* CitiesViewController.swift in Sources */,
				84F98EED247689260088BA52 /* WeatherViewController.swift in Sources */,
				84F98EE9247689260088BA52 /* AppDelegate.swift in Sources */,
				84F98F522484FF880088BA52 /* UILabel.swift in Sources */,
				84F98F37247950A30088BA52 /* WeatherDay.swift in Sources */,
				84F98F3B247A74E20088BA52 /* Date+Ex.swift in Sources */,
				84F98F57248506620088BA52 /* VerticalHourlyWeatherCollectionCell.swift in Sources */,
				84F98F39247953D70088BA52 /* String+Ex.swift in Sources */,
				84F98F3F248265CC0088BA52 /* CellName+Ex.swift in Sources */,
				84F98F4D24840DC40088BA52 /* DetailWeatherCollectionCell.swift in Sources */,
				84F98F54248504D00088BA52 /* DataSourceCell.swift in Sources */,
				84F98F292476988E0088BA52 /* CurrentWeather.swift in Sources */,
				84F98F2224768D570088BA52 /* APIClient.swift in Sources */,
				84F98F35247930310088BA52 /* WeatherHelper.swift in Sources */,
				84F98F2B24769BC80088BA52 /* HourlyWeather.swift in Sources */,
				84F98F412483D5E90088BA52 /* WeatherCollectionDataSource.swift in Sources */,
				84F98F4924840D930088BA52 /* WeeklyWeatherCollectionCell.swift in Sources */,
			);
			runOnlyForDeploymentPostprocessing = 0;
		};
		84F98EF7247689340088BA52 /* Sources */ = {
			isa = PBXSourcesBuildPhase;
			buildActionMask = 2147483647;
			files = (
				84F98F00247689340088BA52 /* Weather_AppTests.swift in Sources */,
			);
			runOnlyForDeploymentPostprocessing = 0;
		};
		84F98F02247689350088BA52 /* Sources */ = {
			isa = PBXSourcesBuildPhase;
			buildActionMask = 2147483647;
			files = (
				84F98F0B247689350088BA52 /* Weather_AppUITests.swift in Sources */,
			);
			runOnlyForDeploymentPostprocessing = 0;
		};
/* End PBXSourcesBuildPhase section */

/* Begin PBXTargetDependency section */
		84F98EFD247689340088BA52 /* PBXTargetDependency */ = {
			isa = PBXTargetDependency;
			target = 84F98EE4247689260088BA52 /* Weather App */;
			targetProxy = 84F98EFC247689340088BA52 /* PBXContainerItemProxy */;
		};
		84F98F08247689350088BA52 /* PBXTargetDependency */ = {
			isa = PBXTargetDependency;
			target = 84F98EE4247689260088BA52 /* Weather App */;
			targetProxy = 84F98F07247689350088BA52 /* PBXContainerItemProxy */;
		};
/* End PBXTargetDependency section */

/* Begin PBXVariantGroup section */
		84F98EF3247689340088BA52 /* LaunchScreen.storyboard */ = {
			isa = PBXVariantGroup;
			children = (
				84F98EF4247689340088BA52 /* Base */,
			);
			name = LaunchScreen.storyboard;
			sourceTree = "<group>";
		};
/* End PBXVariantGroup section */

/* Begin XCBuildConfiguration section */
		84F98F0D247689350088BA52 /* Debug */ = {
			isa = XCBuildConfiguration;
			buildSettings = {
				ALWAYS_SEARCH_USER_PATHS = NO;
				CLANG_ANALYZER_NONNULL = YES;
				CLANG_ANALYZER_NUMBER_OBJECT_CONVERSION = YES_AGGRESSIVE;
				CLANG_CXX_LANGUAGE_STANDARD = "gnu++14";
				CLANG_CXX_LIBRARY = "libc++";
				CLANG_ENABLE_MODULES = YES;
				CLANG_ENABLE_OBJC_ARC = YES;
				CLANG_ENABLE_OBJC_WEAK = YES;
				CLANG_WARN_BLOCK_CAPTURE_AUTORELEASING = YES;
				CLANG_WARN_BOOL_CONVERSION = YES;
				CLANG_WARN_COMMA = YES;
				CLANG_WARN_CONSTANT_CONVERSION = YES;
				CLANG_WARN_DEPRECATED_OBJC_IMPLEMENTATIONS = YES;
				CLANG_WARN_DIRECT_OBJC_ISA_USAGE = YES_ERROR;
				CLANG_WARN_DOCUMENTATION_COMMENTS = YES;
				CLANG_WARN_EMPTY_BODY = YES;
				CLANG_WARN_ENUM_CONVERSION = YES;
				CLANG_WARN_INFINITE_RECURSION = YES;
				CLANG_WARN_INT_CONVERSION = YES;
				CLANG_WARN_NON_LITERAL_NULL_CONVERSION = YES;
				CLANG_WARN_OBJC_IMPLICIT_RETAIN_SELF = YES;
				CLANG_WARN_OBJC_LITERAL_CONVERSION = YES;
				CLANG_WARN_OBJC_ROOT_CLASS = YES_ERROR;
				CLANG_WARN_RANGE_LOOP_ANALYSIS = YES;
				CLANG_WARN_STRICT_PROTOTYPES = YES;
				CLANG_WARN_SUSPICIOUS_MOVE = YES;
				CLANG_WARN_UNGUARDED_AVAILABILITY = YES_AGGRESSIVE;
				CLANG_WARN_UNREACHABLE_CODE = YES;
				CLANG_WARN__DUPLICATE_METHOD_MATCH = YES;
				COPY_PHASE_STRIP = NO;
				DEBUG_INFORMATION_FORMAT = dwarf;
				ENABLE_STRICT_OBJC_MSGSEND = YES;
				ENABLE_TESTABILITY = YES;
				GCC_C_LANGUAGE_STANDARD = gnu11;
				GCC_DYNAMIC_NO_PIC = NO;
				GCC_NO_COMMON_BLOCKS = YES;
				GCC_OPTIMIZATION_LEVEL = 0;
				GCC_PREPROCESSOR_DEFINITIONS = (
					"DEBUG=1",
					"$(inherited)",
				);
				GCC_WARN_64_TO_32_BIT_CONVERSION = YES;
				GCC_WARN_ABOUT_RETURN_TYPE = YES_ERROR;
				GCC_WARN_UNDECLARED_SELECTOR = YES;
				GCC_WARN_UNINITIALIZED_AUTOS = YES_AGGRESSIVE;
				GCC_WARN_UNUSED_FUNCTION = YES;
				GCC_WARN_UNUSED_VARIABLE = YES;
				IPHONEOS_DEPLOYMENT_TARGET = 13.2;
				MTL_ENABLE_DEBUG_INFO = INCLUDE_SOURCE;
				MTL_FAST_MATH = YES;
				ONLY_ACTIVE_ARCH = YES;
				SDKROOT = iphoneos;
				SWIFT_ACTIVE_COMPILATION_CONDITIONS = DEBUG;
				SWIFT_OPTIMIZATION_LEVEL = "-Onone";
			};
			name = Debug;
		};
		84F98F0E247689350088BA52 /* Release */ = {
			isa = XCBuildConfiguration;
			buildSettings = {
				ALWAYS_SEARCH_USER_PATHS = NO;
				CLANG_ANALYZER_NONNULL = YES;
				CLANG_ANALYZER_NUMBER_OBJECT_CONVERSION = YES_AGGRESSIVE;
				CLANG_CXX_LANGUAGE_STANDARD = "gnu++14";
				CLANG_CXX_LIBRARY = "libc++";
				CLANG_ENABLE_MODULES = YES;
				CLANG_ENABLE_OBJC_ARC = YES;
				CLANG_ENABLE_OBJC_WEAK = YES;
				CLANG_WARN_BLOCK_CAPTURE_AUTORELEASING = YES;
				CLANG_WARN_BOOL_CONVERSION = YES;
				CLANG_WARN_COMMA = YES;
				CLANG_WARN_CONSTANT_CONVERSION = YES;
				CLANG_WARN_DEPRECATED_OBJC_IMPLEMENTATIONS = YES;
				CLANG_WARN_DIRECT_OBJC_ISA_USAGE = YES_ERROR;
				CLANG_WARN_DOCUMENTATION_COMMENTS = YES;
				CLANG_WARN_EMPTY_BODY = YES;
				CLANG_WARN_ENUM_CONVERSION = YES;
				CLANG_WARN_INFINITE_RECURSION = YES;
				CLANG_WARN_INT_CONVERSION = YES;
				CLANG_WARN_NON_LITERAL_NULL_CONVERSION = YES;
				CLANG_WARN_OBJC_IMPLICIT_RETAIN_SELF = YES;
				CLANG_WARN_OBJC_LITERAL_CONVERSION = YES;
				CLANG_WARN_OBJC_ROOT_CLASS = YES_ERROR;
				CLANG_WARN_RANGE_LOOP_ANALYSIS = YES;
				CLANG_WARN_STRICT_PROTOTYPES = YES;
				CLANG_WARN_SUSPICIOUS_MOVE = YES;
				CLANG_WARN_UNGUARDED_AVAILABILITY = YES_AGGRESSIVE;
				CLANG_WARN_UNREACHABLE_CODE = YES;
				CLANG_WARN__DUPLICATE_METHOD_MATCH = YES;
				COPY_PHASE_STRIP = NO;
				DEBUG_INFORMATION_FORMAT = "dwarf-with-dsym";
				ENABLE_NS_ASSERTIONS = NO;
				ENABLE_STRICT_OBJC_MSGSEND = YES;
				GCC_C_LANGUAGE_STANDARD = gnu11;
				GCC_NO_COMMON_BLOCKS = YES;
				GCC_WARN_64_TO_32_BIT_CONVERSION = YES;
				GCC_WARN_ABOUT_RETURN_TYPE = YES_ERROR;
				GCC_WARN_UNDECLARED_SELECTOR = YES;
				GCC_WARN_UNINITIALIZED_AUTOS = YES_AGGRESSIVE;
				GCC_WARN_UNUSED_FUNCTION = YES;
				GCC_WARN_UNUSED_VARIABLE = YES;
				IPHONEOS_DEPLOYMENT_TARGET = 13.2;
				MTL_ENABLE_DEBUG_INFO = NO;
				MTL_FAST_MATH = YES;
				SDKROOT = iphoneos;
				SWIFT_COMPILATION_MODE = wholemodule;
				SWIFT_OPTIMIZATION_LEVEL = "-O";
				VALIDATE_PRODUCT = YES;
			};
			name = Release;
		};
		84F98F10247689350088BA52 /* Debug */ = {
			isa = XCBuildConfiguration;
			baseConfigurationReference = 41B6563A900C07D75563A65F /* Pods-Weather App.debug.xcconfig */;
			buildSettings = {
				ASSETCATALOG_COMPILER_APPICON_NAME = AppIcon;
				CODE_SIGN_STYLE = Automatic;
				DEVELOPMENT_TEAM = HWKB54QJ7K;
				INFOPLIST_FILE = "Weather App/Info.plist";
				IPHONEOS_DEPLOYMENT_TARGET = 11.0;
				LD_RUNPATH_SEARCH_PATHS = (
					"$(inherited)",
					"@executable_path/Frameworks",
				);
				PRODUCT_BUNDLE_IDENTIFIER = "com.kuricyna.Weather-App";
				PRODUCT_NAME = "$(TARGET_NAME)";
				SWIFT_VERSION = 5.0;
				TARGETED_DEVICE_FAMILY = "1,2";
			};
			name = Debug;
		};
		84F98F11247689350088BA52 /* Release */ = {
			isa = XCBuildConfiguration;
			baseConfigurationReference = C8E11B0C94D6FD4D09FFFEA0 /* Pods-Weather App.release.xcconfig */;
			buildSettings = {
				ASSETCATALOG_COMPILER_APPICON_NAME = AppIcon;
				CODE_SIGN_STYLE = Automatic;
				DEVELOPMENT_TEAM = HWKB54QJ7K;
				INFOPLIST_FILE = "Weather App/Info.plist";
				IPHONEOS_DEPLOYMENT_TARGET = 11.0;
				LD_RUNPATH_SEARCH_PATHS = (
					"$(inherited)",
					"@executable_path/Frameworks",
				);
				PRODUCT_BUNDLE_IDENTIFIER = "com.kuricyna.Weather-App";
				PRODUCT_NAME = "$(TARGET_NAME)";
				SWIFT_VERSION = 5.0;
				TARGETED_DEVICE_FAMILY = "1,2";
			};
			name = Release;
		};
		84F98F13247689350088BA52 /* Debug */ = {
			isa = XCBuildConfiguration;
			baseConfigurationReference = 4D3A1D1F6572A050D0952DE2 /* Pods-Weather AppTests.debug.xcconfig */;
			buildSettings = {
				ALWAYS_EMBED_SWIFT_STANDARD_LIBRARIES = YES;
				BUNDLE_LOADER = "$(TEST_HOST)";
				CODE_SIGN_STYLE = Automatic;
				DEVELOPMENT_TEAM = HWKB54QJ7K;
				INFOPLIST_FILE = "Weather AppTests/Info.plist";
				IPHONEOS_DEPLOYMENT_TARGET = 13.2;
				LD_RUNPATH_SEARCH_PATHS = (
					"$(inherited)",
					"@executable_path/Frameworks",
					"@loader_path/Frameworks",
				);
				PRODUCT_BUNDLE_IDENTIFIER = "com.kuricyna.Weather-AppTests";
				PRODUCT_NAME = "$(TARGET_NAME)";
				SWIFT_VERSION = 5.0;
				TARGETED_DEVICE_FAMILY = "1,2";
				TEST_HOST = "$(BUILT_PRODUCTS_DIR)/Weather App.app/Weather App";
			};
			name = Debug;
		};
		84F98F14247689350088BA52 /* Release */ = {
			isa = XCBuildConfiguration;
			baseConfigurationReference = 3B0C9C17DD307239A9D147F0 /* Pods-Weather AppTests.release.xcconfig */;
			buildSettings = {
				ALWAYS_EMBED_SWIFT_STANDARD_LIBRARIES = YES;
				BUNDLE_LOADER = "$(TEST_HOST)";
				CODE_SIGN_STYLE = Automatic;
				DEVELOPMENT_TEAM = HWKB54QJ7K;
				INFOPLIST_FILE = "Weather AppTests/Info.plist";
				IPHONEOS_DEPLOYMENT_TARGET = 13.2;
				LD_RUNPATH_SEARCH_PATHS = (
					"$(inherited)",
					"@executable_path/Frameworks",
					"@loader_path/Frameworks",
				);
				PRODUCT_BUNDLE_IDENTIFIER = "com.kuricyna.Weather-AppTests";
				PRODUCT_NAME = "$(TARGET_NAME)";
				SWIFT_VERSION = 5.0;
				TARGETED_DEVICE_FAMILY = "1,2";
				TEST_HOST = "$(BUILT_PRODUCTS_DIR)/Weather App.app/Weather App";
			};
			name = Release;
		};
		84F98F16247689350088BA52 /* Debug */ = {
			isa = XCBuildConfiguration;
			baseConfigurationReference = D12BEEEBD95136A1D354357C /* Pods-Weather App-Weather AppUITests.debug.xcconfig */;
			buildSettings = {
				ALWAYS_EMBED_SWIFT_STANDARD_LIBRARIES = YES;
				CODE_SIGN_STYLE = Automatic;
				DEVELOPMENT_TEAM = HWKB54QJ7K;
				INFOPLIST_FILE = "Weather AppUITests/Info.plist";
				LD_RUNPATH_SEARCH_PATHS = (
					"$(inherited)",
					"@executable_path/Frameworks",
					"@loader_path/Frameworks",
				);
				PRODUCT_BUNDLE_IDENTIFIER = "com.kuricyna.Weather-AppUITests";
				PRODUCT_NAME = "$(TARGET_NAME)";
				SWIFT_VERSION = 5.0;
				TARGETED_DEVICE_FAMILY = "1,2";
				TEST_TARGET_NAME = "Weather App";
			};
			name = Debug;
		};
		84F98F17247689350088BA52 /* Release */ = {
			isa = XCBuildConfiguration;
			baseConfigurationReference = 7C17A95A7B0CB81DFF74FA8A /* Pods-Weather App-Weather AppUITests.release.xcconfig */;
			buildSettings = {
				ALWAYS_EMBED_SWIFT_STANDARD_LIBRARIES = YES;
				CODE_SIGN_STYLE = Automatic;
				DEVELOPMENT_TEAM = HWKB54QJ7K;
				INFOPLIST_FILE = "Weather AppUITests/Info.plist";
				LD_RUNPATH_SEARCH_PATHS = (
					"$(inherited)",
					"@executable_path/Frameworks",
					"@loader_path/Frameworks",
				);
				PRODUCT_BUNDLE_IDENTIFIER = "com.kuricyna.Weather-AppUITests";
				PRODUCT_NAME = "$(TARGET_NAME)";
				SWIFT_VERSION = 5.0;
				TARGETED_DEVICE_FAMILY = "1,2";
				TEST_TARGET_NAME = "Weather App";
			};
			name = Release;
		};
/* End XCBuildConfiguration section */

/* Begin XCConfigurationList section */
		84F98EE0247689250088BA52 /* Build configuration list for PBXProject "Weather App" */ = {
			isa = XCConfigurationList;
			buildConfigurations = (
				84F98F0D247689350088BA52 /* Debug */,
				84F98F0E247689350088BA52 /* Release */,
			);
			defaultConfigurationIsVisible = 0;
			defaultConfigurationName = Release;
		};
		84F98F0F247689350088BA52 /* Build configuration list for PBXNativeTarget "Weather App" */ = {
			isa = XCConfigurationList;
			buildConfigurations = (
				84F98F10247689350088BA52 /* Debug */,
				84F98F11247689350088BA52 /* Release */,
			);
			defaultConfigurationIsVisible = 0;
			defaultConfigurationName = Release;
		};
		84F98F12247689350088BA52 /* Build configuration list for PBXNativeTarget "Weather AppTests" */ = {
			isa = XCConfigurationList;
			buildConfigurations = (
				84F98F13247689350088BA52 /* Debug */,
				84F98F14247689350088BA52 /* Release */,
			);
			defaultConfigurationIsVisible = 0;
			defaultConfigurationName = Release;
		};
		84F98F15247689350088BA52 /* Build configuration list for PBXNativeTarget "Weather AppUITests" */ = {
			isa = XCConfigurationList;
			buildConfigurations = (
				84F98F16247689350088BA52 /* Debug */,
				84F98F17247689350088BA52 /* Release */,
			);
			defaultConfigurationIsVisible = 0;
			defaultConfigurationName = Release;
		};
/* End XCConfigurationList section */
	};
	rootObject = 84F98EDD247689250088BA52 /* Project object */;
}
